// !$*UTF8*$!
{
	archiveVersion = 1;
	classes = {
	};
	objectVersion = 50;
	objects = {

/* Begin PBXBuildFile section */
		87489C4F215BC0E900367D05 /* AppDelegate.swift in Sources */ = {isa = PBXBuildFile; fileRef = 87489C4E215BC0E900367D05 /* AppDelegate.swift */; };
		87489C51215BC0E900367D05 /* ViewController.swift in Sources */ = {isa = PBXBuildFile; fileRef = 87489C50215BC0E900367D05 /* ViewController.swift */; };
		87489C54215BC0E900367D05 /* Main.storyboard in Resources */ = {isa = PBXBuildFile; fileRef = 87489C52215BC0E900367D05 /* Main.storyboard */; };
		87489C56215BC0EC00367D05 /* Assets.xcassets in Resources */ = {isa = PBXBuildFile; fileRef = 87489C55215BC0EC00367D05 /* Assets.xcassets */; };
		87489C59215BC0EC00367D05 /* LaunchScreen.storyboard in Resources */ = {isa = PBXBuildFile; fileRef = 87489C57215BC0EC00367D05 /* LaunchScreen.storyboard */; };
		87489C61215BC9C700367D05 /* SelectionScreen.swift in Sources */ = {isa = PBXBuildFile; fileRef = 87489C60215BC9C700367D05 /* SelectionScreen.swift */; };
/* End PBXBuildFile section */

/* Begin PBXFileReference section */
		87489C4B215BC0E900367D05 /* Delegates_Protocols.app */ = {isa = PBXFileReference; explicitFileType = wrapper.application; includeInIndex = 0; path = Delegates_Protocols.app; sourceTree = BUILT_PRODUCTS_DIR; };
		87489C4E215BC0E900367D05 /* AppDelegate.swift */ = {isa = PBXFileReference; lastKnownFileType = sourcecode.swift; path = AppDelegate.swift; sourceTree = "<group>"; };
		87489C50215BC0E900367D05 /* ViewController.swift */ = {isa = PBXFileReference; lastKnownFileType = sourcecode.swift; path = ViewController.swift; sourceTree = "<group>"; };
		87489C53215BC0E900367D05 /* Base */ = {isa = PBXFileReference; lastKnownFileType = file.storyboard; name = Base; path = Base.lproj/Main.storyboard; sourceTree = "<group>"; };
		87489C55215BC0EC00367D05 /* Assets.xcassets */ = {isa = PBXFileReference; lastKnownFileType = folder.assetcatalog; path = Assets.xcassets; sourceTree = "<group>"; };
		87489C58215BC0EC00367D05 /* Base */ = {isa = PBXFileReference; lastKnownFileType = file.storyboard; name = Base; path = Base.lproj/LaunchScreen.storyboard; sourceTree = "<group>"; };
		87489C5A215BC0EC00367D05 /* Info.plist */ = {isa = PBXFileReference; lastKnownFileType = text.plist.xml; path = Info.plist; sourceTree = "<group>"; };
		87489C60215BC9C700367D05 /* SelectionScreen.swift */ = {isa = PBXFileReference; lastKnownFileType = sourcecode.swift; path = SelectionScreen.swift; sourceTree = "<group>"; };
/* End PBXFileReference section */

/* Begin PBXFrameworksBuildPhase section */
		87489C48215BC0E900367D05 /* Frameworks */ = {
			isa = PBXFrameworksBuildPhase;
			buildActionMask = 2147483647;
			files = (
			);
			runOnlyForDeploymentPostprocessing = 0;
		};
/* End PBXFrameworksBuildPhase section */

/* Begin PBXGroup section */
		87489C42215BC0E900367D05 = {
			isa = PBXGroup;
			children = (
				87489C4D215BC0E900367D05 /* Delegates_Protocols */,
				87489C4C215BC0E900367D05 /* Products */,
			);
			sourceTree = "<group>";
		};
		87489C4C215BC0E900367D05 /* Products */ = {
			isa = PBXGroup;
			children = (
				87489C4B215BC0E900367D05 /* Delegates_Protocols.app */,
			);
			name = Products;
			sourceTree = "<group>";
		};
		87489C4D215BC0E900367D05 /* Delegates_Protocols */ = {
			isa = PBXGroup;
			children = (
				87489C4E215BC0E900367D05 /* AppDelegate.swift */,
				87489C50215BC0E900367D05 /* ViewController.swift */,
				87489C52215BC0E900367D05 /* Main.storyboard */,
				87489C55215BC0EC00367D05 /* Assets.xcassets */,
				87489C57215BC0EC00367D05 /* LaunchScreen.storyboard */,
				87489C5A215BC0EC00367D05 /* Info.plist */,
				87489C60215BC9C700367D05 /* SelectionScreen.swift */,
			);
			path = Delegates_Protocols;
			sourceTree = "<group>";
		};
/* End PBXGroup section */

/* Begin PBXNativeTarget section */
		87489C4A215BC0E900367D05 /* Delegates_Protocols */ = {
			isa = PBXNativeTarget;
			buildConfigurationList = 87489C5D215BC0EC00367D05 /* Build configuration list for PBXNativeTarget "Delegates_Protocols" */;
			buildPhases = (
				87489C47215BC0E900367D05 /* Sources */,
				87489C48215BC0E900367D05 /* Frameworks */,
				87489C49215BC0E900367D05 /* Resources */,
			);
			buildRules = (
			);
			dependencies = (
			);
			name = Delegates_Protocols;
			productName = Delegates_Protocols;
			productReference = 87489C4B215BC0E900367D05 /* Delegates_Protocols.app */;
			productType = "com.apple.product-type.application";
		};
/* End PBXNativeTarget section */

/* Begin PBXProject section */
		87489C43215BC0E900367D05 /* Project object */ = {
			isa = PBXProject;
			attributes = {
				LastSwiftUpdateCheck = 0940;
				LastUpgradeCheck = 0940;
				ORGANIZATIONNAME = "Grace Njoroge";
				TargetAttributes = {
					87489C4A215BC0E900367D05 = {
						CreatedOnToolsVersion = 9.4.1;
					};
				};
			};
			buildConfigurationList = 87489C46215BC0E900367D05 /* Build configuration list for PBXProject "Delegates_Protocols" */;
			compatibilityVersion = "Xcode 9.3";
			developmentRegion = en;
			hasScannedForEncodings = 0;
			knownRegions = (
				en,
				Base,
			);
			mainGroup = 87489C42215BC0E900367D05;
			productRefGroup = 87489C4C215BC0E900367D05 /* Products */;
			projectDirPath = "";
			projectRoot = "";
			targets = (
				87489C4A215BC0E900367D05 /* Delegates_Protocols */,
			);
		};
/* End PBXProject section */

/* Begin PBXResourcesBuildPhase section */
		87489C49215BC0E900367D05 /* Resources */ = {
			isa = PBXResourcesBuildPhase;
			buildActionMask = 2147483647;
			files = (
				87489C59215BC0EC00367D05 /* LaunchScreen.storyboard in Resources */,
				87489C56215BC0EC00367D05 /* Assets.xcassets in Resources */,
				87489C54215BC0E900367D05 /* Main.storyboard in Resources */,
			);
			runOnlyForDeploymentPostprocessing = 0;
		};
/* End PBXResourcesBuildPhase section */

/* Begin PBXSourcesBuildPhase section */
		87489C47215BC0E900367D05 /* Sources */ = {
			isa = PBXSourcesBuildPhase;
			buildActionMask = 2147483647;
			files = (
				87489C51215BC0E900367D05 /* ViewController.swift in Sources */,
				87489C4F215BC0E900367D05 /* AppDelegate.swift in Sources */,
				87489C61215BC9C700367D05 /* SelectionScreen.swift in Sources */,
			);
			runOnlyForDeploymentPostprocessing = 0;
		};
/* End PBXSourcesBuildPhase section */

/* Begin PBXVariantGroup section */
		87489C52215BC0E900367D05 /* Main.storyboard */ = {
			isa = PBXVariantGroup;
			children = (
				87489C53215BC0E900367D05 /* Base */,
			);
			name = Main.storyboard;
			sourceTree = "<group>";
		};
		87489C57215BC0EC00367D05 /* LaunchScreen.storyboard */ = {
			isa = PBXVariantGroup;
			children = (
				87489C58215BC0EC00367D05 /* Base */,
			);
			name = LaunchScreen.storyboard;
			sourceTree = "<group>";
		};
/* End PBXVariantGroup section */

/* Begin XCBuildConfiguration section */
		87489C5B215BC0EC00367D05 /* Debug */ = {
			isa = XCBuildConfiguration;
			buildSettings = {
				ALWAYS_SEARCH_USER_PATHS = NO;
				CLANG_ANALYZER_NONNULL = YES;
				CLANG_ANALYZER_NUMBER_OBJECT_CONVERSION = YES_AGGRESSIVE;
				CLANG_CXX_LANGUAGE_STANDARD = "gnu++14";
				CLANG_CXX_LIBRARY = "libc++";
				CLANG_ENABLE_MODULES = YES;
				CLANG_ENABLE_OBJC_ARC = YES;
				CLANG_ENABLE_OBJC_WEAK = YES;
				CLANG_WARN_BLOCK_CAPTURE_AUTORELEASING = YES;
				CLANG_WARN_BOOL_CONVERSION = YES;
				CLANG_WARN_COMMA = YES;
				CLANG_WARN_CONSTANT_CONVERSION = YES;
				CLANG_WARN_DEPRECATED_OBJC_IMPLEMENTATIONS = YES;
				CLANG_WARN_DIRECT_OBJC_ISA_USAGE = YES_ERROR;
				CLANG_WARN_DOCUMENTATION_COMMENTS = YES;
				CLANG_WARN_EMPTY_BODY = YES;
				CLANG_WARN_ENUM_CONVERSION = YES;
				CLANG_WARN_INFINITE_RECURSION = YES;
				CLANG_WARN_INT_CONVERSION = YES;
				CLANG_WARN_NON_LITERAL_NULL_CONVERSION = YES;
				CLANG_WARN_OBJC_IMPLICIT_RETAIN_SELF = YES;
				CLANG_WARN_OBJC_LITERAL_CONVERSION = YES;
				CLANG_WARN_OBJC_ROOT_CLASS = YES_ERROR;
				CLANG_WARN_RANGE_LOOP_ANALYSIS = YES;
				CLANG_WARN_STRICT_PROTOTYPES = YES;
				CLANG_WARN_SUSPICIOUS_MOVE = YES;
				CLANG_WARN_UNGUARDED_AVAILABILITY = YES_AGGRESSIVE;
				CLANG_WARN_UNREACHABLE_CODE = YES;
				CLANG_WARN__DUPLICATE_METHOD_MATCH = YES;
				CODE_SIGN_IDENTITY = "iPhone Developer";
				COPY_PHASE_STRIP = NO;
				DEBUG_INFORMATION_FORMAT = dwarf;
				ENABLE_STRICT_OBJC_MSGSEND = YES;
				ENABLE_TESTABILITY = YES;
				GCC_C_LANGUAGE_STANDARD = gnu11;
				GCC_DYNAMIC_NO_PIC = NO;
				GCC_NO_COMMON_BLOCKS = YES;
				GCC_OPTIMIZATION_LEVEL = 0;
				GCC_PREPROCESSOR_DEFINITIONS = (
					"DEBUG=1",
					"$(inherited)",
				);
				GCC_WARN_64_TO_32_BIT_CONVERSION = YES;
				GCC_WARN_ABOUT_RETURN_TYPE = YES_ERROR;
				GCC_WARN_UNDECLARED_SELECTOR = YES;
				GCC_WARN_UNINITIALIZED_AUTOS = YES_AGGRESSIVE;
				GCC_WARN_UNUSED_FUNCTION = YES;
				GCC_WARN_UNUSED_VARIABLE = YES;
				IPHONEOS_DEPLOYMENT_TARGET = 11.4;
				MTL_ENABLE_DEBUG_INFO = YES;
				ONLY_ACTIVE_ARCH = YES;
				SDKROOT = iphoneos;
				SWIFT_ACTIVE_COMPILATION_CONDITIONS = DEBUG;
				SWIFT_OPTIMIZATION_LEVEL = "-Onone";
			};
			name = Debug;
		};
		87489C5C215BC0EC00367D05 /* Release */ = {
			isa = XCBuildConfiguration;
			buildSettings = {
				ALWAYS_SEARCH_USER_PATHS = NO;
				CLANG_ANALYZER_NONNULL = YES;
				CLANG_ANALYZER_NUMBER_OBJECT_CONVERSION = YES_AGGRESSIVE;
				CLANG_CXX_LANGUAGE_STANDARD = "gnu++14";
				CLANG_CXX_LIBRARY = "libc++";
				CLANG_ENABLE_MODULES = YES;
				CLANG_ENABLE_OBJC_ARC = YES;
				CLANG_ENABLE_OBJC_WEAK = YES;
				CLANG_WARN_BLOCK_CAPTURE_AUTORELEASING = YES;
				CLANG_WARN_BOOL_CONVERSION = YES;
				CLANG_WARN_COMMA = YES;
				CLANG_WARN_CONSTANT_CONVERSION = YES;
				CLANG_WARN_DEPRECATED_OBJC_IMPLEMENTATIONS = YES;
				CLANG_WARN_DIRECT_OBJC_ISA_USAGE = YES_ERROR;
				CLANG_WARN_DOCUMENTATION_COMMENTS = YES;
				CLANG_WARN_EMPTY_BODY = YES;
				CLANG_WARN_ENUM_CONVERSION = YES;
				CLANG_WARN_INFINITE_RECURSION = YES;
				CLANG_WARN_INT_CONVERSION = YES;
				CLANG_WARN_NON_LITERAL_NULL_CONVERSION = YES;
				CLANG_WARN_OBJC_IMPLICIT_RETAIN_SELF = YES;
				CLANG_WARN_OBJC_LITERAL_CONVERSION = YES;
				CLANG_WARN_OBJC_ROOT_CLASS = YES_ERROR;
				CLANG_WARN_RANGE_LOOP_ANALYSIS = YES;
				CLANG_WARN_STRICT_PROTOTYPES = YES;
				CLANG_WARN_SUSPICIOUS_MOVE = YES;
				CLANG_WARN_UNGUARDED_AVAILABILITY = YES_AGGRESSIVE;
				CLANG_WARN_UNREACHABLE_CODE = YES;
				CLANG_WARN__DUPLICATE_METHOD_MATCH = YES;
				CODE_SIGN_IDENTITY = "iPhone Developer";
				COPY_PHASE_STRIP = NO;
				DEBUG_INFORMATION_FORMAT = "dwarf-with-dsym";
				ENABLE_NS_ASSERTIONS = NO;
				ENABLE_STRICT_OBJC_MSGSEND = YES;
				GCC_C_LANGUAGE_STANDARD = gnu11;
				GCC_NO_COMMON_BLOCKS = YES;
				GCC_WARN_64_TO_32_BIT_CONVERSION = YES;
				GCC_WARN_ABOUT_RETURN_TYPE = YES_ERROR;
				GCC_WARN_UNDECLARED_SELECTOR = YES;
				GCC_WARN_UNINITIALIZED_AUTOS = YES_AGGRESSIVE;
				GCC_WARN_UNUSED_FUNCTION = YES;
				GCC_WARN_UNUSED_VARIABLE = YES;
				IPHONEOS_DEPLOYMENT_TARGET = 11.4;
				MTL_ENABLE_DEBUG_INFO = NO;
				SDKROOT = iphoneos;
				SWIFT_COMPILATION_MODE = wholemodule;
				SWIFT_OPTIMIZATION_LEVEL = "-O";
				VALIDATE_PRODUCT = YES;
			};
			name = Release;
		};
		87489C5E215BC0EC00367D05 /* Debug */ = {
			isa = XCBuildConfiguration;
			buildSettings = {
				ASSETCATALOG_COMPILER_APPICON_NAME = AppIcon;
				CODE_SIGN_STYLE = Automatic;
				INFOPLIST_FILE = Delegates_Protocols/Info.plist;
				LD_RUNPATH_SEARCH_PATHS = (
					"$(inherited)",
					"@executable_path/Frameworks",
				);
				PRODUCT_BUNDLE_IDENTIFIER = "com.dummy.Delegates-Protocols";
				PRODUCT_NAME = "$(TARGET_NAME)";
				SWIFT_VERSION = 4.0;
				TARGETED_DEVICE_FAMILY = "1,2";
			};
			name = Debug;
		};
		87489C5F215BC0EC00367D05 /* Release */ = {
			isa = XCBuildConfiguration;
			buildSettings = {
				ASSETCATALOG_COMPILER_APPICON_NAME = AppIcon;
				CODE_SIGN_STYLE = Automatic;
				INFOPLIST_FILE = Delegates_Protocols/Info.plist;
				LD_RUNPATH_SEARCH_PATHS = (
					"$(inherited)",
					"@executable_path/Frameworks",
				);
				PRODUCT_BUNDLE_IDENTIFIER = "com.dummy.Delegates-Protocols";
				PRODUCT_NAME = "$(TARGET_NAME)";
				SWIFT_VERSION = 4.0;
				TARGETED_DEVICE_FAMILY = "1,2";
			};
			name = Release;
		};
/* End XCBuildConfiguration section */

/* Begin XCConfigurationList section */
		87489C46215BC0E900367D05 /* Build configuration list for PBXProject "Delegates_Protocols" */ = {
			isa = XCConfigurationList;
			buildConfigurations = (
				87489C5B215BC0EC00367D05 /* Debug */,
				87489C5C215BC0EC00367D05 /* Release */,
			);
			defaultConfigurationIsVisible = 0;
			defaultConfigurationName = Release;
		};
		87489C5D215BC0EC00367D05 /* Build configuration list for PBXNativeTarget "Delegates_Protocols" */ = {
			isa = XCConfigurationList;
			buildConfigurations = (
				87489C5E215BC0EC00367D05 /* Debug */,
				87489C5F215BC0EC00367D05 /* Release */,
			);
			defaultConfigurationIsVisible = 0;
			defaultConfigurationName = Release;
		};
/* End XCConfigurationList section */
	};
	rootObject = 87489C43215BC0E900367D05 /* Project object */;
}
